
Microsoft Visual Studio Solution File, Format Version 12.00
# Visual Studio Version 17
VisualStudioVersion = 17.8.34309.116
MinimumVisualStudioVersion = 10.0.40219.1
Project("{9A19103F-16F7-4668-BE54-9A1E7A4F7556}") = "GiaiPTBac2", "GiaiPTBac2\GiaiPTBac2.csproj", "{B7F67B1B-E1A6-4CF1-9A0D-E6E4ECD5AF0F}"
EndProject
Project("{FAE04EC0-301F-11D3-BF4B-00C04F79EFBC}") = "HelloWorld", "HelloWorld\HelloWorld.csproj", "{0397EED6-130D-4813-87A5-1475FB69C238}"
EndProject
Project("{FAE04EC0-301F-11D3-BF4B-00C04F79EFBC}") = "TinhDiemTrungBinh", "TinhDiemTrungBinh\TinhDiemTrungBinh.csproj", "{A6FE024D-99AC-42D3-84A0-07389CC03B5E}"
EndProject
Project("{FAE04EC0-301F-11D3-BF4B-00C04F79EFBC}") = "DiemTrungBinhWF", "DiemTrungBinhWF\DiemTrungBinhWF.csproj", "{92E5A59E-ABC0-4AEF-8ACA-8A3E4626B525}"
EndProject
Project("{FAE04EC0-301F-11D3-BF4B-00C04F79EFBC}") = "WinFormDauTien", "WinFormDauTien\WinFormDauTien.csproj", "{BB11442F-7402-4060-A9E0-E5F0D2AF9A5B}"
EndProject
Project("{FAE04EC0-301F-11D3-BF4B-00C04F79EFBC}") = "Buoi03_BT01_Chuoi", "Buoi03_BT01_Chuoi\Buoi03_BT01_Chuoi.csproj", "{70E16BF6-C6EC-4A90-A078-28861D237EC2}"
EndProject
Project("{FAE04EC0-301F-11D3-BF4B-00C04F79EFBC}") = "Buoi03_BT02_DemTu", "Buoi03_BT02_DemTu\Buoi03_BT02_DemTu.csproj", "{4B07D983-5804-42E8-8DB1-EEE4EC141B2B}"
EndProject
Project("{FAE04EC0-301F-11D3-BF4B-00C04F79EFBC}") = "Lab02_BT01_Exception", "Lab02_BT01_Exception\Lab02_BT01_Exception.csproj", "{94E14047-53E2-475C-A2CC-4A5B4D3F5CEB}"
EndProject
Global
	GlobalSection(SolutionConfigurationPlatforms) = preSolution
		Debug|Any CPU = Debug|Any CPU
		Release|Any CPU = Release|Any CPU
	EndGlobalSection
	GlobalSection(ProjectConfigurationPlatforms) = postSolution
		{B7F67B1B-E1A6-4CF1-9A0D-E6E4ECD5AF0F}.Debug|Any CPU.ActiveCfg = Debug|Any CPU
		{B7F67B1B-E1A6-4CF1-9A0D-E6E4ECD5AF0F}.Debug|Any CPU.Build.0 = Debug|Any CPU
		{B7F67B1B-E1A6-4CF1-9A0D-E6E4ECD5AF0F}.Release|Any CPU.ActiveCfg = Release|Any CPU
		{B7F67B1B-E1A6-4CF1-9A0D-E6E4ECD5AF0F}.Release|Any CPU.Build.0 = Release|Any CPU
		{0397EED6-130D-4813-87A5-1475FB69C238}.Debug|Any CPU.ActiveCfg = Debug|Any CPU
		{0397EED6-130D-4813-87A5-1475FB69C238}.Debug|Any CPU.Build.0 = Debug|Any CPU
		{0397EED6-130D-4813-87A5-1475FB69C238}.Release|Any CPU.ActiveCfg = Release|Any CPU
		{0397EED6-130D-4813-87A5-1475FB69C238}.Release|Any CPU.Build.0 = Release|Any CPU
		{A6FE024D-99AC-42D3-84A0-07389CC03B5E}.Debug|Any CPU.ActiveCfg = Debug|Any CPU
		{A6FE024D-99AC-42D3-84A0-07389CC03B5E}.Debug|Any CPU.Build.0 = Debug|Any CPU
		{A6FE024D-99AC-42D3-84A0-07389CC03B5E}.Release|Any CPU.ActiveCfg = Release|Any CPU
		{A6FE024D-99AC-42D3-84A0-07389CC03B5E}.Release|Any CPU.Build.0 = Release|Any CPU
		{92E5A59E-ABC0-4AEF-8ACA-8A3E4626B525}.Debug|Any CPU.ActiveCfg = Debug|Any CPU
		{92E5A59E-ABC0-4AEF-8ACA-8A3E4626B525}.Debug|Any CPU.Build.0 = Debug|Any CPU
		{92E5A59E-ABC0-4AEF-8ACA-8A3E4626B525}.Release|Any CPU.ActiveCfg = Release|Any CPU
		{92E5A59E-ABC0-4AEF-8ACA-8A3E4626B525}.Release|Any CPU.Build.0 = Release|Any CPU
		{BB11442F-7402-4060-A9E0-E5F0D2AF9A5B}.Debug|Any CPU.ActiveCfg = Debug|Any CPU
		{BB11442F-7402-4060-A9E0-E5F0D2AF9A5B}.Debug|Any CPU.Build.0 = Debug|Any CPU
		{BB11442F-7402-4060-A9E0-E5F0D2AF9A5B}.Release|Any CPU.ActiveCfg = Release|Any CPU
		{BB11442F-7402-4060-A9E0-E5F0D2AF9A5B}.Release|Any CPU.Build.0 = Release|Any CPU
		{70E16BF6-C6EC-4A90-A078-28861D237EC2}.Debug|Any CPU.ActiveCfg = Debug|Any CPU
		{70E16BF6-C6EC-4A90-A078-28861D237EC2}.Debug|Any CPU.Build.0 = Debug|Any CPU
		{70E16BF6-C6EC-4A90-A078-28861D237EC2}.Release|Any CPU.ActiveCfg = Release|Any CPU
		{70E16BF6-C6EC-4A90-A078-28861D237EC2}.Release|Any CPU.Build.0 = Release|Any CPU
		{4B07D983-5804-42E8-8DB1-EEE4EC141B2B}.Debug|Any CPU.ActiveCfg = Debug|Any CPU
		{4B07D983-5804-42E8-8DB1-EEE4EC141B2B}.Debug|Any CPU.Build.0 = Debug|Any CPU
		{4B07D983-5804-42E8-8DB1-EEE4EC141B2B}.Release|Any CPU.ActiveCfg = Release|Any CPU
		{4B07D983-5804-42E8-8DB1-EEE4EC141B2B}.Release|Any CPU.Build.0 = Release|Any CPU
		{94E14047-53E2-475C-A2CC-4A5B4D3F5CEB}.Debug|Any CPU.ActiveCfg = Debug|Any CPU
		{94E14047-53E2-475C-A2CC-4A5B4D3F5CEB}.Debug|Any CPU.Build.0 = Debug|Any CPU
		{94E14047-53E2-475C-A2CC-4A5B4D3F5CEB}.Release|Any CPU.ActiveCfg = Release|Any CPU
		{94E14047-53E2-475C-A2CC-4A5B4D3F5CEB}.Release|Any CPU.Build.0 = Release|Any CPU
	EndGlobalSection
	GlobalSection(SolutionProperties) = preSolution
		HideSolutionNode = FALSE
	EndGlobalSection
	GlobalSection(ExtensibilityGlobals) = postSolution
		SolutionGuid = {EE2A22A0-9856-4EFD-8377-2226766997CF}
	EndGlobalSection
EndGlobal
