
Microsoft Visual Studio Solution File, Format Version 12.00
# Visual Studio Version 17
VisualStudioVersion = 17.8.34309.116
MinimumVisualStudioVersion = 10.0.40219.1
Project("{FAE04EC0-301F-11D3-BF4B-00C04F79EFBC}") = "MyUserControl", "MyLogin\MyUserControl.csproj", "{BFADF69C-1C41-49CA-A693-D4181BA1F7E7}"
EndProject
Project("{FAE04EC0-301F-11D3-BF4B-00C04F79EFBC}") = "DemoUsingUC", "DemoUsingUC\DemoUsingUC.csproj", "{58898A3A-E5EF-49FB-89BF-6D9637B05497}"
EndProject
Global
	GlobalSection(SolutionConfigurationPlatforms) = preSolution
		Debug|Any CPU = Debug|Any CPU
		Release|Any CPU = Release|Any CPU
	EndGlobalSection
	GlobalSection(ProjectConfigurationPlatforms) = postSolution
		{BFADF69C-1C41-49CA-A693-D4181BA1F7E7}.Debug|Any CPU.ActiveCfg = Debug|Any CPU
		{BFADF69C-1C41-49CA-A693-D4181BA1F7E7}.Debug|Any CPU.Build.0 = Debug|Any CPU
		{BFADF69C-1C41-49CA-A693-D4181BA1F7E7}.Release|Any CPU.ActiveCfg = Release|Any CPU
		{BFADF69C-1C41-49CA-A693-D4181BA1F7E7}.Release|Any CPU.Build.0 = Release|Any CPU
		{58898A3A-E5EF-49FB-89BF-6D9637B05497}.Debug|Any CPU.ActiveCfg = Debug|Any CPU
		{58898A3A-E5EF-49FB-89BF-6D9637B05497}.Debug|Any CPU.Build.0 = Debug|Any CPU
		{58898A3A-E5EF-49FB-89BF-6D9637B05497}.Release|Any CPU.ActiveCfg = Release|Any CPU
		{58898A3A-E5EF-49FB-89BF-6D9637B05497}.Release|Any CPU.Build.0 = Release|Any CPU
	EndGlobalSection
	GlobalSection(SolutionProperties) = preSolution
		HideSolutionNode = FALSE
	EndGlobalSection
	GlobalSection(ExtensibilityGlobals) = postSolution
		SolutionGuid = {45D77DC7-CB5A-4F20-94F7-8B074AF1CFBB}
	EndGlobalSection
EndGlobal
